
Microsoft Visual Studio Solution File, Format Version 12.00
# Visual Studio 15
VisualStudioVersion = 15.0.27428.2027
MinimumVisualStudioVersion = 10.0.40219.1
Project("{888888A0-9F3D-457C-B088-3A5042F75D52}") = "CAPPA_Data_Analysis", "CAPPA_Data_Analysis\CAPPA_Data_Analysis.pyproj", "{5D9B7F0C-1C4C-4AA7-98E7-189B713F881B}"
EndProject
Global
	GlobalSection(SolutionConfigurationPlatforms) = preSolution
		Debug|Any CPU = Debug|Any CPU
		Release|Any CPU = Release|Any CPU
	EndGlobalSection
	GlobalSection(ProjectConfigurationPlatforms) = postSolution
		{5D9B7F0C-1C4C-4AA7-98E7-189B713F881B}.Debug|Any CPU.ActiveCfg = Debug|Any CPU
		{5D9B7F0C-1C4C-4AA7-98E7-189B713F881B}.Release|Any CPU.ActiveCfg = Release|Any CPU
	EndGlobalSection
	GlobalSection(SolutionProperties) = preSolution
		HideSolutionNode = FALSE
	EndGlobalSection
	GlobalSection(ExtensibilityGlobals) = postSolution
		SolutionGuid = {5C607956-E108-4517-93D2-FA7CEED3DCC9}
	EndGlobalSection
EndGlobal
